
Microsoft Visual Studio Solution File, Format Version 12.00
# Visual Studio Version 17
VisualStudioVersion = 17.8.34316.72
MinimumVisualStudioVersion = 10.0.40219.1
Project("{FAE04EC0-301F-11D3-BF4B-00C04F79EFBC}") = "MauiAppDotNet8", "MauiAppDotNet8\MauiAppDotNet8.csproj", "{C98D806C-6EC0-4B93-81B5-0009D809FCBC}"
EndProject
Global
	GlobalSection(SolutionConfigurationPlatforms) = preSolution
		Debug|Any CPU = Debug|Any CPU
		Release|Any CPU = Release|Any CPU
	EndGlobalSection
	GlobalSection(ProjectConfigurationPlatforms) = postSolution
		{C98D806C-6EC0-4B93-81B5-0009D809FCBC}.Debug|Any CPU.ActiveCfg = Debug|Any CPU
		{C98D806C-6EC0-4B93-81B5-0009D809FCBC}.Debug|Any CPU.Build.0 = Debug|Any CPU
		{C98D806C-6EC0-4B93-81B5-0009D809FCBC}.Debug|Any CPU.Deploy.0 = Debug|Any CPU
		{C98D806C-6EC0-4B93-81B5-0009D809FCBC}.Release|Any CPU.ActiveCfg = Release|Any CPU
		{C98D806C-6EC0-4B93-81B5-0009D809FCBC}.Release|Any CPU.Build.0 = Release|Any CPU
		{C98D806C-6EC0-4B93-81B5-0009D809FCBC}.Release|Any CPU.Deploy.0 = Release|Any CPU
	EndGlobalSection
	GlobalSection(SolutionProperties) = preSolution
		HideSolutionNode = FALSE
	EndGlobalSection
	GlobalSection(ExtensibilityGlobals) = postSolution
		SolutionGuid = {A1238400-3EAC-48EA-9651-50C50637939C}
	EndGlobalSection
EndGlobal
